PODS:
  - AFNetworking (1.3.1)
  - CocoaSoundCloudAPI (1.0.1):
    - NXOAuth2Client (= 1.2.1)
  - CocoaSoundCloudUI (1.0.5):
    - CocoaSoundCloudAPI (~> 1.0.1)
    - JSONKit
    - OHAttributedLabel
  - JSONKit (1.5pre)
  - NSObject+Expectation (0.2)
  - NXOAuth2Client (1.2.1)
  - OHAttributedLabel (3.4.1)

DEPENDENCIES:
  - AFNetworking
  - CocoaSoundCloudAPI (= 1.0.1)
  - CocoaSoundCloudUI (= 1.0.5)
  - NSObject+Expectation (= 0.2)

SPEC CHECKSUMS:
  AFNetworking: 9ec8aafb9269236a7630bd8d9838ce2ba30fa2a0
  CocoaSoundCloudAPI: 71e8ac175772ed161bbff6f46f04b171136a8292
  CocoaSoundCloudUI: 7c145af797c4e9c4e5da34d211fd689020ecff86
  JSONKit: 409734ab3407fce90ef7eaa95d7168f38d9a6601
  NSObject+Expectation: 7acea14a0ac731cb78b9402ac3d314327bd6a143
  NXOAuth2Client: 478bc4f9a04e7ba9908b6c40f8669321676af0ee
  OHAttributedLabel: 770332ef810ca15c9bd4a79f300ce620bc443e9d

COCOAPODS: 0.20.2
